// !$*UTF8*$!
{
	archiveVersion = 1;
	classes = {
	};
	objectVersion = 50;
	objects = {

/* Begin PBXBuildFile section */
		3B6D98B02A98A3C800E8A07A /* EmojiGridView.swift in Sources */ = {isa = PBXBuildFile; fileRef = 3B6D98AF2A98A3C800E8A07A /* EmojiGridView.swift */; };
		3B6D98B32A98A59C00E8A07A /* Emoji.swift in Sources */ = {isa = PBXBuildFile; fileRef = 3B6D98B22A98A59C00E8A07A /* Emoji.swift */; };
		3B6D98B62A98AC5900E8A07A /* test.swift in Sources */ = {isa = PBXBuildFile; fileRef = 3B6D98B52A98AC5900E8A07A /* test.swift */; };
		3BCBF79E2A974BBE00257848 /* emoji_dictionaryApp.swift in Sources */ = {isa = PBXBuildFile; fileRef = 3BCBF79D2A974BBE00257848 /* emoji_dictionaryApp.swift */; };
		3BCBF7A02A974BBE00257848 /* EmojiListView.swift in Sources */ = {isa = PBXBuildFile; fileRef = 3BCBF79F2A974BBE00257848 /* EmojiListView.swift */; };
		3BCBF7A22A974BC300257848 /* Assets.xcassets in Resources */ = {isa = PBXBuildFile; fileRef = 3BCBF7A12A974BC300257848 /* Assets.xcassets */; };
		3BCBF7A52A974BC300257848 /* Preview Assets.xcassets in Resources */ = {isa = PBXBuildFile; fileRef = 3BCBF7A42A974BC300257848 /* Preview Assets.xcassets */; };
		3BD529522A97B8DC00080D7C /* EmojiDetailView.swift in Sources */ = {isa = PBXBuildFile; fileRef = 3BD529512A97B8DC00080D7C /* EmojiDetailView.swift */; };
/* End PBXBuildFile section */

/* Begin PBXFileReference section */
		3B6D98AF2A98A3C800E8A07A /* EmojiGridView.swift */ = {isa = PBXFileReference; lastKnownFileType = sourcecode.swift; path = EmojiGridView.swift; sourceTree = "<group>"; };
		3B6D98B22A98A59C00E8A07A /* Emoji.swift */ = {isa = PBXFileReference; lastKnownFileType = sourcecode.swift; path = Emoji.swift; sourceTree = "<group>"; };
		3B6D98B52A98AC5900E8A07A /* test.swift */ = {isa = PBXFileReference; lastKnownFileType = sourcecode.swift; path = test.swift; sourceTree = "<group>"; };
		3BCBF79A2A974BBE00257848 /* emoji_dictionary.app */ = {isa = PBXFileReference; explicitFileType = wrapper.application; includeInIndex = 0; path = emoji_dictionary.app; sourceTree = BUILT_PRODUCTS_DIR; };
		3BCBF79D2A974BBE00257848 /* emoji_dictionaryApp.swift */ = {isa = PBXFileReference; lastKnownFileType = sourcecode.swift; path = emoji_dictionaryApp.swift; sourceTree = "<group>"; };
		3BCBF79F2A974BBE00257848 /* EmojiListView.swift */ = {isa = PBXFileReference; lastKnownFileType = sourcecode.swift; path = EmojiListView.swift; sourceTree = "<group>"; };
		3BCBF7A12A974BC300257848 /* Assets.xcassets */ = {isa = PBXFileReference; lastKnownFileType = folder.assetcatalog; path = Assets.xcassets; sourceTree = "<group>"; };
		3BCBF7A42A974BC300257848 /* Preview Assets.xcassets */ = {isa = PBXFileReference; lastKnownFileType = folder.assetcatalog; path = "Preview Assets.xcassets"; sourceTree = "<group>"; };
		3BCBF7A62A974BC300257848 /* Info.plist */ = {isa = PBXFileReference; lastKnownFileType = text.plist.xml; path = Info.plist; sourceTree = "<group>"; };
		3BD529512A97B8DC00080D7C /* EmojiDetailView.swift */ = {isa = PBXFileReference; lastKnownFileType = sourcecode.swift; path = EmojiDetailView.swift; sourceTree = "<group>"; };
/* End PBXFileReference section */

/* Begin PBXFrameworksBuildPhase section */
		3BCBF7972A974BBE00257848 /* Frameworks */ = {
			isa = PBXFrameworksBuildPhase;
			buildActionMask = 2147483647;
			files = (
			);
			runOnlyForDeploymentPostprocessing = 0;
		};
/* End PBXFrameworksBuildPhase section */

/* Begin PBXGroup section */
		3BCBF7912A974BBE00257848 = {
			isa = PBXGroup;
			children = (
				3BCBF79C2A974BBE00257848 /* emoji_dictionary */,
				3BCBF79B2A974BBE00257848 /* Products */,
			);
			sourceTree = "<group>";
		};
		3BCBF79B2A974BBE00257848 /* Products */ = {
			isa = PBXGroup;
			children = (
				3BCBF79A2A974BBE00257848 /* emoji_dictionary.app */,
			);
			name = Products;
			sourceTree = "<group>";
		};
		3BCBF79C2A974BBE00257848 /* emoji_dictionary */ = {
			isa = PBXGroup;
			children = (
				3BCBF79D2A974BBE00257848 /* emoji_dictionaryApp.swift */,
				3B6D98B52A98AC5900E8A07A /* test.swift */,
				3B6D98AF2A98A3C800E8A07A /* EmojiGridView.swift */,
				3B6D98B22A98A59C00E8A07A /* Emoji.swift */,
				3BCBF79F2A974BBE00257848 /* EmojiListView.swift */,
				3BD529512A97B8DC00080D7C /* EmojiDetailView.swift */,
				3BCBF7A12A974BC300257848 /* Assets.xcassets */,
				3BCBF7A62A974BC300257848 /* Info.plist */,
				3BCBF7A32A974BC300257848 /* Preview Content */,
			);
			path = emoji_dictionary;
			sourceTree = "<group>";
		};
		3BCBF7A32A974BC300257848 /* Preview Content */ = {
			isa = PBXGroup;
			children = (
				3BCBF7A42A974BC300257848 /* Preview Assets.xcassets */,
			);
			path = "Preview Content";
			sourceTree = "<group>";
		};
/* End PBXGroup section */

/* Begin PBXNativeTarget section */
		3BCBF7992A974BBE00257848 /* emoji_dictionary */ = {
			isa = PBXNativeTarget;
			buildConfigurationList = 3BCBF7A92A974BC300257848 /* Build configuration list for PBXNativeTarget "emoji_dictionary" */;
			buildPhases = (
				3BCBF7962A974BBE00257848 /* Sources */,
				3BCBF7972A974BBE00257848 /* Frameworks */,
				3BCBF7982A974BBE00257848 /* Resources */,
			);
			buildRules = (
			);
			dependencies = (
			);
			name = emoji_dictionary;
			productName = emoji_dictionary;
			productReference = 3BCBF79A2A974BBE00257848 /* emoji_dictionary.app */;
			productType = "com.apple.product-type.application";
		};
/* End PBXNativeTarget section */

/* Begin PBXProject section */
		3BCBF7922A974BBE00257848 /* Project object */ = {
			isa = PBXProject;
			attributes = {
				LastSwiftUpdateCheck = 1240;
				LastUpgradeCheck = 1240;
				TargetAttributes = {
					3BCBF7992A974BBE00257848 = {
						CreatedOnToolsVersion = 12.4;
					};
				};
			};
			buildConfigurationList = 3BCBF7952A974BBE00257848 /* Build configuration list for PBXProject "emoji_dictionary" */;
			compatibilityVersion = "Xcode 9.3";
			developmentRegion = en;
			hasScannedForEncodings = 0;
			knownRegions = (
				en,
				Base,
			);
			mainGroup = 3BCBF7912A974BBE00257848;
			productRefGroup = 3BCBF79B2A974BBE00257848 /* Products */;
			projectDirPath = "";
			projectRoot = "";
			targets = (
				3BCBF7992A974BBE00257848 /* emoji_dictionary */,
			);
		};
/* End PBXProject section */

/* Begin PBXResourcesBuildPhase section */
		3BCBF7982A974BBE00257848 /* Resources */ = {
			isa = PBXResourcesBuildPhase;
			buildActionMask = 2147483647;
			files = (
				3BCBF7A52A974BC300257848 /* Preview Assets.xcassets in Resources */,
				3BCBF7A22A974BC300257848 /* Assets.xcassets in Resources */,
			);
			runOnlyForDeploymentPostprocessing = 0;
		};
/* End PBXResourcesBuildPhase section */

/* Begin PBXSourcesBuildPhase section */
		3BCBF7962A974BBE00257848 /* Sources */ = {
			isa = PBXSourcesBuildPhase;
			buildActionMask = 2147483647;
			files = (
				3B6D98B32A98A59C00E8A07A /* Emoji.swift in Sources */,
				3B6D98B62A98AC5900E8A07A /* test.swift in Sources */,
				3BCBF7A02A974BBE00257848 /* EmojiListView.swift in Sources */,
				3BD529522A97B8DC00080D7C /* EmojiDetailView.swift in Sources */,
				3BCBF79E2A974BBE00257848 /* emoji_dictionaryApp.swift in Sources */,
				3B6D98B02A98A3C800E8A07A /* EmojiGridView.swift in Sources */,
			);
			runOnlyForDeploymentPostprocessing = 0;
		};
/* End PBXSourcesBuildPhase section */

/* Begin XCBuildConfiguration section */
		3BCBF7A72A974BC300257848 /* Debug */ = {
			isa = XCBuildConfiguration;
			buildSettings = {
				ALWAYS_SEARCH_USER_PATHS = NO;
				CLANG_ANALYZER_NONNULL = YES;
				CLANG_ANALYZER_NUMBER_OBJECT_CONVERSION = YES_AGGRESSIVE;
				CLANG_CXX_LANGUAGE_STANDARD = "gnu++14";
				CLANG_CXX_LIBRARY = "libc++";
				CLANG_ENABLE_MODULES = YES;
				CLANG_ENABLE_OBJC_ARC = YES;
				CLANG_ENABLE_OBJC_WEAK = YES;
				CLANG_WARN_BLOCK_CAPTURE_AUTORELEASING = YES;
				CLANG_WARN_BOOL_CONVERSION = YES;
				CLANG_WARN_COMMA = YES;
				CLANG_WARN_CONSTANT_CONVERSION = YES;
				CLANG_WARN_DEPRECATED_OBJC_IMPLEMENTATIONS = YES;
				CLANG_WARN_DIRECT_OBJC_ISA_USAGE = YES_ERROR;
				CLANG_WARN_DOCUMENTATION_COMMENTS = YES;
				CLANG_WARN_EMPTY_BODY = YES;
				CLANG_WARN_ENUM_CONVERSION = YES;
				CLANG_WARN_INFINITE_RECURSION = YES;
				CLANG_WARN_INT_CONVERSION = YES;
				CLANG_WARN_NON_LITERAL_NULL_CONVERSION = YES;
				CLANG_WARN_OBJC_IMPLICIT_RETAIN_SELF = YES;
				CLANG_WARN_OBJC_LITERAL_CONVERSION = YES;
				CLANG_WARN_OBJC_ROOT_CLASS = YES_ERROR;
				CLANG_WARN_QUOTED_INCLUDE_IN_FRAMEWORK_HEADER = YES;
				CLANG_WARN_RANGE_LOOP_ANALYSIS = YES;
				CLANG_WARN_STRICT_PROTOTYPES = YES;
				CLANG_WARN_SUSPICIOUS_MOVE = YES;
				CLANG_WARN_UNGUARDED_AVAILABILITY = YES_AGGRESSIVE;
				CLANG_WARN_UNREACHABLE_CODE = YES;
				CLANG_WARN__DUPLICATE_METHOD_MATCH = YES;
				COPY_PHASE_STRIP = NO;
				DEBUG_INFORMATION_FORMAT = dwarf;
				ENABLE_STRICT_OBJC_MSGSEND = YES;
				ENABLE_TESTABILITY = YES;
				GCC_C_LANGUAGE_STANDARD = gnu11;
				GCC_DYNAMIC_NO_PIC = NO;
				GCC_NO_COMMON_BLOCKS = YES;
				GCC_OPTIMIZATION_LEVEL = 0;
				GCC_PREPROCESSOR_DEFINITIONS = (
					"DEBUG=1",
					"$(inherited)",
				);
				GCC_WARN_64_TO_32_BIT_CONVERSION = YES;
				GCC_WARN_ABOUT_RETURN_TYPE = YES_ERROR;
				GCC_WARN_UNDECLARED_SELECTOR = YES;
				GCC_WARN_UNINITIALIZED_AUTOS = YES_AGGRESSIVE;
				GCC_WARN_UNUSED_FUNCTION = YES;
				GCC_WARN_UNUSED_VARIABLE = YES;
				IPHONEOS_DEPLOYMENT_TARGET = 14.4;
				MTL_ENABLE_DEBUG_INFO = INCLUDE_SOURCE;
				MTL_FAST_MATH = YES;
				ONLY_ACTIVE_ARCH = YES;
				SDKROOT = iphoneos;
				SWIFT_ACTIVE_COMPILATION_CONDITIONS = DEBUG;
				SWIFT_OPTIMIZATION_LEVEL = "-Onone";
			};
			name = Debug;
		};
		3BCBF7A82A974BC300257848 /* Release */ = {
			isa = XCBuildConfiguration;
			buildSettings = {
				ALWAYS_SEARCH_USER_PATHS = NO;
				CLANG_ANALYZER_NONNULL = YES;
				CLANG_ANALYZER_NUMBER_OBJECT_CONVERSION = YES_AGGRESSIVE;
				CLANG_CXX_LANGUAGE_STANDARD = "gnu++14";
				CLANG_CXX_LIBRARY = "libc++";
				CLANG_ENABLE_MODULES = YES;
				CLANG_ENABLE_OBJC_ARC = YES;
				CLANG_ENABLE_OBJC_WEAK = YES;
				CLANG_WARN_BLOCK_CAPTURE_AUTORELEASING = YES;
				CLANG_WARN_BOOL_CONVERSION = YES;
				CLANG_WARN_COMMA = YES;
				CLANG_WARN_CONSTANT_CONVERSION = YES;
				CLANG_WARN_DEPRECATED_OBJC_IMPLEMENTATIONS = YES;
				CLANG_WARN_DIRECT_OBJC_ISA_USAGE = YES_ERROR;
				CLANG_WARN_DOCUMENTATION_COMMENTS = YES;
				CLANG_WARN_EMPTY_BODY = YES;
				CLANG_WARN_ENUM_CONVERSION = YES;
				CLANG_WARN_INFINITE_RECURSION = YES;
				CLANG_WARN_INT_CONVERSION = YES;
				CLANG_WARN_NON_LITERAL_NULL_CONVERSION = YES;
				CLANG_WARN_OBJC_IMPLICIT_RETAIN_SELF = YES;
				CLANG_WARN_OBJC_LITERAL_CONVERSION = YES;
				CLANG_WARN_OBJC_ROOT_CLASS = YES_ERROR;
				CLANG_WARN_QUOTED_INCLUDE_IN_FRAMEWORK_HEADER = YES;
				CLANG_WARN_RANGE_LOOP_ANALYSIS = YES;
				CLANG_WARN_STRICT_PROTOTYPES = YES;
				CLANG_WARN_SUSPICIOUS_MOVE = YES;
				CLANG_WARN_UNGUARDED_AVAILABILITY = YES_AGGRESSIVE;
				CLANG_WARN_UNREACHABLE_CODE = YES;
				CLANG_WARN__DUPLICATE_METHOD_MATCH = YES;
				COPY_PHASE_STRIP = NO;
				DEBUG_INFORMATION_FORMAT = "dwarf-with-dsym";
				ENABLE_NS_ASSERTIONS = NO;
				ENABLE_STRICT_OBJC_MSGSEND = YES;
				GCC_C_LANGUAGE_STANDARD = gnu11;
				GCC_NO_COMMON_BLOCKS = YES;
				GCC_WARN_64_TO_32_BIT_CONVERSION = YES;
				GCC_WARN_ABOUT_RETURN_TYPE = YES_ERROR;
				GCC_WARN_UNDECLARED_SELECTOR = YES;
				GCC_WARN_UNINITIALIZED_AUTOS = YES_AGGRESSIVE;
				GCC_WARN_UNUSED_FUNCTION = YES;
				GCC_WARN_UNUSED_VARIABLE = YES;
				IPHONEOS_DEPLOYMENT_TARGET = 14.4;
				MTL_ENABLE_DEBUG_INFO = NO;
				MTL_FAST_MATH = YES;
				SDKROOT = iphoneos;
				SWIFT_COMPILATION_MODE = wholemodule;
				SWIFT_OPTIMIZATION_LEVEL = "-O";
				VALIDATE_PRODUCT = YES;
			};
			name = Release;
		};
		3BCBF7AA2A974BC300257848 /* Debug */ = {
			isa = XCBuildConfiguration;
			buildSettings = {
				ASSETCATALOG_COMPILER_APPICON_NAME = AppIcon;
				ASSETCATALOG_COMPILER_GLOBAL_ACCENT_COLOR_NAME = AccentColor;
				CODE_SIGN_STYLE = Automatic;
				DEVELOPMENT_ASSET_PATHS = "\"emoji_dictionary/Preview Content\"";
				ENABLE_PREVIEWS = YES;
				INFOPLIST_FILE = emoji_dictionary/Info.plist;
				IPHONEOS_DEPLOYMENT_TARGET = 14.0;
				LD_RUNPATH_SEARCH_PATHS = (
					"$(inherited)",
					"@executable_path/Frameworks",
				);
				PRODUCT_BUNDLE_IDENTIFIER = "NA.emoji-dictionary";
				PRODUCT_NAME = "$(TARGET_NAME)";
				SWIFT_VERSION = 5.0;
				TARGETED_DEVICE_FAMILY = "1,2";
			};
			name = Debug;
		};
		3BCBF7AB2A974BC300257848 /* Release */ = {
			isa = XCBuildConfiguration;
			buildSettings = {
				ASSETCATALOG_COMPILER_APPICON_NAME = AppIcon;
				ASSETCATALOG_COMPILER_GLOBAL_ACCENT_COLOR_NAME = AccentColor;
				CODE_SIGN_STYLE = Automatic;
				DEVELOPMENT_ASSET_PATHS = "\"emoji_dictionary/Preview Content\"";
				ENABLE_PREVIEWS = YES;
				INFOPLIST_FILE = emoji_dictionary/Info.plist;
				IPHONEOS_DEPLOYMENT_TARGET = 14.0;
				LD_RUNPATH_SEARCH_PATHS = (
					"$(inherited)",
					"@executable_path/Frameworks",
				);
				PRODUCT_BUNDLE_IDENTIFIER = "NA.emoji-dictionary";
				PRODUCT_NAME = "$(TARGET_NAME)";
				SWIFT_VERSION = 5.0;
				TARGETED_DEVICE_FAMILY = "1,2";
			};
			name = Release;
		};
/* End XCBuildConfiguration section */

/* Begin XCConfigurationList section */
		3BCBF7952A974BBE00257848 /* Build configuration list for PBXProject "emoji_dictionary" */ = {
			isa = XCConfigurationList;
			buildConfigurations = (
				3BCBF7A72A974BC300257848 /* Debug */,
				3BCBF7A82A974BC300257848 /* Release */,
			);
			defaultConfigurationIsVisible = 0;
			defaultConfigurationName = Release;
		};
		3BCBF7A92A974BC300257848 /* Build configuration list for PBXNativeTarget "emoji_dictionary" */ = {
			isa = XCConfigurationList;
			buildConfigurations = (
				3BCBF7AA2A974BC300257848 /* Debug */,
				3BCBF7AB2A974BC300257848 /* Release */,
			);
			defaultConfigurationIsVisible = 0;
			defaultConfigurationName = Release;
		};
/* End XCConfigurationList section */
	};
	rootObject = 3BCBF7922A974BBE00257848 /* Project object */;
}
